
Microsoft Visual Studio Solution File, Format Version 12.00
# Visual Studio Version 17
VisualStudioVersion = 17.5.33516.290
MinimumVisualStudioVersion = 10.0.40219.1
Project("{FAE04EC0-301F-11D3-BF4B-00C04F79EFBC}") = "Arrays", "Arrays\Arrays.csproj", "{7BFC2B96-2F39-4596-8A5C-4C0F2AC415E8}"
EndProject
Project("{FAE04EC0-301F-11D3-BF4B-00C04F79EFBC}") = "Array_Multidimesional", "Array_Multidimesional\Array_Multidimesional.csproj", "{392E7488-3ADF-4D2E-A3B2-0916F8843959}"
EndProject
Project("{FAE04EC0-301F-11D3-BF4B-00C04F79EFBC}") = "lista", "lista\lista.csproj", "{8A9230E5-7767-4E7F-B798-090FF42CD10B}"
EndProject
Project("{FAE04EC0-301F-11D3-BF4B-00C04F79EFBC}") = "Dicionario", "Dicionario\Dicionario.csproj", "{01C98BA2-17F3-43F6-AB73-53212A9118CA}"
EndProject
Global
	GlobalSection(SolutionConfigurationPlatforms) = preSolution
		Debug|Any CPU = Debug|Any CPU
		Release|Any CPU = Release|Any CPU
	EndGlobalSection
	GlobalSection(ProjectConfigurationPlatforms) = postSolution
		{7BFC2B96-2F39-4596-8A5C-4C0F2AC415E8}.Debug|Any CPU.ActiveCfg = Debug|Any CPU
		{7BFC2B96-2F39-4596-8A5C-4C0F2AC415E8}.Debug|Any CPU.Build.0 = Debug|Any CPU
		{7BFC2B96-2F39-4596-8A5C-4C0F2AC415E8}.Release|Any CPU.ActiveCfg = Release|Any CPU
		{7BFC2B96-2F39-4596-8A5C-4C0F2AC415E8}.Release|Any CPU.Build.0 = Release|Any CPU
		{392E7488-3ADF-4D2E-A3B2-0916F8843959}.Debug|Any CPU.ActiveCfg = Debug|Any CPU
		{392E7488-3ADF-4D2E-A3B2-0916F8843959}.Debug|Any CPU.Build.0 = Debug|Any CPU
		{392E7488-3ADF-4D2E-A3B2-0916F8843959}.Release|Any CPU.ActiveCfg = Release|Any CPU
		{392E7488-3ADF-4D2E-A3B2-0916F8843959}.Release|Any CPU.Build.0 = Release|Any CPU
		{8A9230E5-7767-4E7F-B798-090FF42CD10B}.Debug|Any CPU.ActiveCfg = Debug|Any CPU
		{8A9230E5-7767-4E7F-B798-090FF42CD10B}.Debug|Any CPU.Build.0 = Debug|Any CPU
		{8A9230E5-7767-4E7F-B798-090FF42CD10B}.Release|Any CPU.ActiveCfg = Release|Any CPU
		{8A9230E5-7767-4E7F-B798-090FF42CD10B}.Release|Any CPU.Build.0 = Release|Any CPU
		{01C98BA2-17F3-43F6-AB73-53212A9118CA}.Debug|Any CPU.ActiveCfg = Debug|Any CPU
		{01C98BA2-17F3-43F6-AB73-53212A9118CA}.Debug|Any CPU.Build.0 = Debug|Any CPU
		{01C98BA2-17F3-43F6-AB73-53212A9118CA}.Release|Any CPU.ActiveCfg = Release|Any CPU
		{01C98BA2-17F3-43F6-AB73-53212A9118CA}.Release|Any CPU.Build.0 = Release|Any CPU
	EndGlobalSection
	GlobalSection(SolutionProperties) = preSolution
		HideSolutionNode = FALSE
	EndGlobalSection
	GlobalSection(ExtensibilityGlobals) = postSolution
		SolutionGuid = {A2B07626-1FFE-47C4-8943-E53FD3C04A95}
	EndGlobalSection
EndGlobal
