
Microsoft Visual Studio Solution File, Format Version 12.00
# Visual Studio Version 17
VisualStudioVersion = 17.5.33516.290
MinimumVisualStudioVersion = 10.0.40219.1
Project("{FAE04EC0-301F-11D3-BF4B-00C04F79EFBC}") = "HerencaPolimorfismo", "HerencaPolimorfismo\HerencaPolimorfismo.csproj", "{D10D6891-1F90-4E5B-8E3A-7048BB733A47}"
EndProject
Project("{FAE04EC0-301F-11D3-BF4B-00C04F79EFBC}") = "Sobrescrita", "Sobrescrita\Sobrescrita.csproj", "{B3EAE5C1-9E92-41C4-A68E-022A1E123D36}"
EndProject
Project("{FAE04EC0-301F-11D3-BF4B-00C04F79EFBC}") = "Sobrecarga", "Sobrecarga\Sobrecarga.csproj", "{688F7061-B3C0-4FBF-A3E7-947E6D6269A1}"
EndProject
Project("{FAE04EC0-301F-11D3-BF4B-00C04F79EFBC}") = "Polimorfismo", "Polimorfismo\Polimorfismo.csproj", "{3C112122-878C-4B0D-9B9B-7947A07C17EE}"
EndProject
Project("{FAE04EC0-301F-11D3-BF4B-00C04F79EFBC}") = "Construtor", "Construtor\Construtor.csproj", "{C5A87822-B638-43C3-91EA-0667C4E35013}"
EndProject
Global
	GlobalSection(SolutionConfigurationPlatforms) = preSolution
		Debug|Any CPU = Debug|Any CPU
		Release|Any CPU = Release|Any CPU
	EndGlobalSection
	GlobalSection(ProjectConfigurationPlatforms) = postSolution
		{D10D6891-1F90-4E5B-8E3A-7048BB733A47}.Debug|Any CPU.ActiveCfg = Debug|Any CPU
		{D10D6891-1F90-4E5B-8E3A-7048BB733A47}.Debug|Any CPU.Build.0 = Debug|Any CPU
		{D10D6891-1F90-4E5B-8E3A-7048BB733A47}.Release|Any CPU.ActiveCfg = Release|Any CPU
		{D10D6891-1F90-4E5B-8E3A-7048BB733A47}.Release|Any CPU.Build.0 = Release|Any CPU
		{B3EAE5C1-9E92-41C4-A68E-022A1E123D36}.Debug|Any CPU.ActiveCfg = Debug|Any CPU
		{B3EAE5C1-9E92-41C4-A68E-022A1E123D36}.Debug|Any CPU.Build.0 = Debug|Any CPU
		{B3EAE5C1-9E92-41C4-A68E-022A1E123D36}.Release|Any CPU.ActiveCfg = Release|Any CPU
		{B3EAE5C1-9E92-41C4-A68E-022A1E123D36}.Release|Any CPU.Build.0 = Release|Any CPU
		{688F7061-B3C0-4FBF-A3E7-947E6D6269A1}.Debug|Any CPU.ActiveCfg = Debug|Any CPU
		{688F7061-B3C0-4FBF-A3E7-947E6D6269A1}.Debug|Any CPU.Build.0 = Debug|Any CPU
		{688F7061-B3C0-4FBF-A3E7-947E6D6269A1}.Release|Any CPU.ActiveCfg = Release|Any CPU
		{688F7061-B3C0-4FBF-A3E7-947E6D6269A1}.Release|Any CPU.Build.0 = Release|Any CPU
		{3C112122-878C-4B0D-9B9B-7947A07C17EE}.Debug|Any CPU.ActiveCfg = Debug|Any CPU
		{3C112122-878C-4B0D-9B9B-7947A07C17EE}.Debug|Any CPU.Build.0 = Debug|Any CPU
		{3C112122-878C-4B0D-9B9B-7947A07C17EE}.Release|Any CPU.ActiveCfg = Release|Any CPU
		{3C112122-878C-4B0D-9B9B-7947A07C17EE}.Release|Any CPU.Build.0 = Release|Any CPU
		{C5A87822-B638-43C3-91EA-0667C4E35013}.Debug|Any CPU.ActiveCfg = Debug|Any CPU
		{C5A87822-B638-43C3-91EA-0667C4E35013}.Debug|Any CPU.Build.0 = Debug|Any CPU
		{C5A87822-B638-43C3-91EA-0667C4E35013}.Release|Any CPU.ActiveCfg = Release|Any CPU
		{C5A87822-B638-43C3-91EA-0667C4E35013}.Release|Any CPU.Build.0 = Release|Any CPU
	EndGlobalSection
	GlobalSection(SolutionProperties) = preSolution
		HideSolutionNode = FALSE
	EndGlobalSection
	GlobalSection(ExtensibilityGlobals) = postSolution
		SolutionGuid = {EFE2A52F-2953-43A0-A0FA-28C60D18A923}
	EndGlobalSection
EndGlobal
