
Microsoft Visual Studio Solution File, Format Version 12.00
# Visual Studio Version 17
VisualStudioVersion = 17.5.33516.290
MinimumVisualStudioVersion = 10.0.40219.1
Project("{9A19103F-16F7-4668-BE54-9A1E7A4F7556}") = "Exercicio_01", "Exercicios\Exercicio_01.csproj", "{3F02A33B-B967-4D42-A13B-C39DE1AC390A}"
EndProject
Project("{9A19103F-16F7-4668-BE54-9A1E7A4F7556}") = "Exercicio_02", "Exercicio_02\Exercicio_02.csproj", "{69468AE1-83BB-438E-B3D4-A5E82E09B4AB}"
EndProject
Project("{9A19103F-16F7-4668-BE54-9A1E7A4F7556}") = "Exercicio_03", "Exercicio_03\Exercicio_03.csproj", "{5ED1D217-99E2-4A3B-88EE-9FF1F979777C}"
EndProject
Project("{9A19103F-16F7-4668-BE54-9A1E7A4F7556}") = "Exercicio_04", "Exercicio_04\Exercicio_04.csproj", "{71EEA33B-77DE-42EA-962C-26F9AD45BC43}"
EndProject
Project("{9A19103F-16F7-4668-BE54-9A1E7A4F7556}") = "Exercicio_05", "Exercicio_05\Exercicio_05.csproj", "{57F290F8-6503-4CBA-80BF-793BA4853C42}"
EndProject
Project("{9A19103F-16F7-4668-BE54-9A1E7A4F7556}") = "Exercicio_06", "Exercicio_06\Exercicio_06.csproj", "{5DB68D3C-5324-402B-B576-0F196F9C0DB2}"
EndProject
Project("{9A19103F-16F7-4668-BE54-9A1E7A4F7556}") = "Exercicio_07", "Exercicio_07\Exercicio_07.csproj", "{1AD8E5E3-F4AA-4F68-81DD-7B6BAC4BE988}"
EndProject
Project("{9A19103F-16F7-4668-BE54-9A1E7A4F7556}") = "Exercicio_08", "Exercicio_08\Exercicio_08.csproj", "{4B4DBA38-1C2F-4F34-B79A-C73D3BE1794F}"
EndProject
Project("{9A19103F-16F7-4668-BE54-9A1E7A4F7556}") = "Exercicio_09", "Exercicio_09\Exercicio_09.csproj", "{2297A0B6-57C5-4658-8337-11B9E45DBD71}"
EndProject
Project("{9A19103F-16F7-4668-BE54-9A1E7A4F7556}") = "Exercicio_10", "Exercicio_10\Exercicio_10.csproj", "{8AF8588A-BACA-45EF-9EFE-E90EC676A5B4}"
EndProject
Project("{9A19103F-16F7-4668-BE54-9A1E7A4F7556}") = "Exercicio_11", "Exercicio_11\Exercicio_11.csproj", "{EF3FF43F-A26E-4723-A309-D41F70528735}"
EndProject
Project("{9A19103F-16F7-4668-BE54-9A1E7A4F7556}") = "Exercicio_12", "Exercicio_12\Exercicio_12.csproj", "{B16A53A7-BCE4-46BC-B6F3-3DF7A0943D32}"
EndProject
Project("{9A19103F-16F7-4668-BE54-9A1E7A4F7556}") = "Exercicio_13", "Exercicio_13\Exercicio_13.csproj", "{9503F558-7D07-4D06-AA25-1157A2D072CA}"
EndProject
Project("{9A19103F-16F7-4668-BE54-9A1E7A4F7556}") = "Exercicio_14", "Exercicio_14\Exercicio_14.csproj", "{1B963057-81BC-4260-B0C9-1E4B1D8969E3}"
EndProject
Project("{9A19103F-16F7-4668-BE54-9A1E7A4F7556}") = "Exercicio_15", "Exercicio_15\Exercicio_15.csproj", "{331E01F2-07F0-4323-A46D-F2CB8A42C966}"
EndProject
Project("{9A19103F-16F7-4668-BE54-9A1E7A4F7556}") = "Exercicio_16", "Exercicio_16\Exercicio_16.csproj", "{2047A00A-7A8C-4128-AB99-CC07B7FE39D1}"
EndProject
Project("{9A19103F-16F7-4668-BE54-9A1E7A4F7556}") = "Exercicio_17", "Exercicio_17\Exercicio_17.csproj", "{FC9D30BD-93A6-47FC-BF97-C6E317488DD1}"
EndProject
Project("{9A19103F-16F7-4668-BE54-9A1E7A4F7556}") = "Exercicio_18", "Exercicio_18\Exercicio_18.csproj", "{829932B7-D8B6-4CFA-A546-301D617597F3}"
EndProject
Project("{9A19103F-16F7-4668-BE54-9A1E7A4F7556}") = "Exercicio_19", "Exercicio_19\Exercicio_19.csproj", "{B56ACED7-659E-4B76-8EDA-35393E8B6D59}"
EndProject
Project("{9A19103F-16F7-4668-BE54-9A1E7A4F7556}") = "Exercicio_20", "Exercicio_20\Exercicio_20.csproj", "{0F549332-D751-495A-8D0E-E6D1218FAF63}"
EndProject
Project("{9A19103F-16F7-4668-BE54-9A1E7A4F7556}") = "Exercicio_21", "Exercicio_21\Exercicio_21.csproj", "{733C679E-5502-4862-AB8B-3BBD33948291}"
EndProject
Project("{9A19103F-16F7-4668-BE54-9A1E7A4F7556}") = "Exercicio_22", "Exercicio_22\Exercicio_22.csproj", "{17932596-ED75-44E4-8165-9224235E652B}"
EndProject
Project("{9A19103F-16F7-4668-BE54-9A1E7A4F7556}") = "Exercicio_23", "Exercicio_23\Exercicio_23.csproj", "{DF9A2763-AB09-41D2-981D-7A6EB464D981}"
EndProject
Project("{9A19103F-16F7-4668-BE54-9A1E7A4F7556}") = "Exercicio_24", "Exercicio_24\Exercicio_24.csproj", "{E3B4B681-7CA5-4D3C-8A5B-B0A6F4C4FB77}"
EndProject
Project("{9A19103F-16F7-4668-BE54-9A1E7A4F7556}") = "Exercicio_25", "Exercicio_25\Exercicio_25.csproj", "{2BF19D3B-7874-47A9-9A31-2DC980B3A0E6}"
EndProject
Project("{FAE04EC0-301F-11D3-BF4B-00C04F79EFBC}") = "Exercicio_26", "Exercicio_26\Exercicio_26.csproj", "{60F38AC9-A5D7-4885-9E53-3705F6D0FEBA}"
EndProject
Global
	GlobalSection(SolutionConfigurationPlatforms) = preSolution
		Debug|Any CPU = Debug|Any CPU
		Release|Any CPU = Release|Any CPU
	EndGlobalSection
	GlobalSection(ProjectConfigurationPlatforms) = postSolution
		{3F02A33B-B967-4D42-A13B-C39DE1AC390A}.Debug|Any CPU.ActiveCfg = Debug|Any CPU
		{3F02A33B-B967-4D42-A13B-C39DE1AC390A}.Debug|Any CPU.Build.0 = Debug|Any CPU
		{3F02A33B-B967-4D42-A13B-C39DE1AC390A}.Release|Any CPU.ActiveCfg = Release|Any CPU
		{3F02A33B-B967-4D42-A13B-C39DE1AC390A}.Release|Any CPU.Build.0 = Release|Any CPU
		{69468AE1-83BB-438E-B3D4-A5E82E09B4AB}.Debug|Any CPU.ActiveCfg = Debug|Any CPU
		{69468AE1-83BB-438E-B3D4-A5E82E09B4AB}.Debug|Any CPU.Build.0 = Debug|Any CPU
		{69468AE1-83BB-438E-B3D4-A5E82E09B4AB}.Release|Any CPU.ActiveCfg = Release|Any CPU
		{69468AE1-83BB-438E-B3D4-A5E82E09B4AB}.Release|Any CPU.Build.0 = Release|Any CPU
		{5ED1D217-99E2-4A3B-88EE-9FF1F979777C}.Debug|Any CPU.ActiveCfg = Debug|Any CPU
		{5ED1D217-99E2-4A3B-88EE-9FF1F979777C}.Debug|Any CPU.Build.0 = Debug|Any CPU
		{5ED1D217-99E2-4A3B-88EE-9FF1F979777C}.Release|Any CPU.ActiveCfg = Release|Any CPU
		{5ED1D217-99E2-4A3B-88EE-9FF1F979777C}.Release|Any CPU.Build.0 = Release|Any CPU
		{71EEA33B-77DE-42EA-962C-26F9AD45BC43}.Debug|Any CPU.ActiveCfg = Debug|Any CPU
		{71EEA33B-77DE-42EA-962C-26F9AD45BC43}.Debug|Any CPU.Build.0 = Debug|Any CPU
		{71EEA33B-77DE-42EA-962C-26F9AD45BC43}.Release|Any CPU.ActiveCfg = Release|Any CPU
		{71EEA33B-77DE-42EA-962C-26F9AD45BC43}.Release|Any CPU.Build.0 = Release|Any CPU
		{57F290F8-6503-4CBA-80BF-793BA4853C42}.Debug|Any CPU.ActiveCfg = Debug|Any CPU
		{57F290F8-6503-4CBA-80BF-793BA4853C42}.Debug|Any CPU.Build.0 = Debug|Any CPU
		{57F290F8-6503-4CBA-80BF-793BA4853C42}.Release|Any CPU.ActiveCfg = Release|Any CPU
		{57F290F8-6503-4CBA-80BF-793BA4853C42}.Release|Any CPU.Build.0 = Release|Any CPU
		{5DB68D3C-5324-402B-B576-0F196F9C0DB2}.Debug|Any CPU.ActiveCfg = Debug|Any CPU
		{5DB68D3C-5324-402B-B576-0F196F9C0DB2}.Debug|Any CPU.Build.0 = Debug|Any CPU
		{5DB68D3C-5324-402B-B576-0F196F9C0DB2}.Release|Any CPU.ActiveCfg = Release|Any CPU
		{5DB68D3C-5324-402B-B576-0F196F9C0DB2}.Release|Any CPU.Build.0 = Release|Any CPU
		{1AD8E5E3-F4AA-4F68-81DD-7B6BAC4BE988}.Debug|Any CPU.ActiveCfg = Debug|Any CPU
		{1AD8E5E3-F4AA-4F68-81DD-7B6BAC4BE988}.Debug|Any CPU.Build.0 = Debug|Any CPU
		{1AD8E5E3-F4AA-4F68-81DD-7B6BAC4BE988}.Release|Any CPU.ActiveCfg = Release|Any CPU
		{1AD8E5E3-F4AA-4F68-81DD-7B6BAC4BE988}.Release|Any CPU.Build.0 = Release|Any CPU
		{4B4DBA38-1C2F-4F34-B79A-C73D3BE1794F}.Debug|Any CPU.ActiveCfg = Debug|Any CPU
		{4B4DBA38-1C2F-4F34-B79A-C73D3BE1794F}.Debug|Any CPU.Build.0 = Debug|Any CPU
		{4B4DBA38-1C2F-4F34-B79A-C73D3BE1794F}.Release|Any CPU.ActiveCfg = Release|Any CPU
		{4B4DBA38-1C2F-4F34-B79A-C73D3BE1794F}.Release|Any CPU.Build.0 = Release|Any CPU
		{2297A0B6-57C5-4658-8337-11B9E45DBD71}.Debug|Any CPU.ActiveCfg = Debug|Any CPU
		{2297A0B6-57C5-4658-8337-11B9E45DBD71}.Debug|Any CPU.Build.0 = Debug|Any CPU
		{2297A0B6-57C5-4658-8337-11B9E45DBD71}.Release|Any CPU.ActiveCfg = Release|Any CPU
		{2297A0B6-57C5-4658-8337-11B9E45DBD71}.Release|Any CPU.Build.0 = Release|Any CPU
		{8AF8588A-BACA-45EF-9EFE-E90EC676A5B4}.Debug|Any CPU.ActiveCfg = Debug|Any CPU
		{8AF8588A-BACA-45EF-9EFE-E90EC676A5B4}.Debug|Any CPU.Build.0 = Debug|Any CPU
		{8AF8588A-BACA-45EF-9EFE-E90EC676A5B4}.Release|Any CPU.ActiveCfg = Release|Any CPU
		{8AF8588A-BACA-45EF-9EFE-E90EC676A5B4}.Release|Any CPU.Build.0 = Release|Any CPU
		{EF3FF43F-A26E-4723-A309-D41F70528735}.Debug|Any CPU.ActiveCfg = Debug|Any CPU
		{EF3FF43F-A26E-4723-A309-D41F70528735}.Debug|Any CPU.Build.0 = Debug|Any CPU
		{EF3FF43F-A26E-4723-A309-D41F70528735}.Release|Any CPU.ActiveCfg = Release|Any CPU
		{EF3FF43F-A26E-4723-A309-D41F70528735}.Release|Any CPU.Build.0 = Release|Any CPU
		{B16A53A7-BCE4-46BC-B6F3-3DF7A0943D32}.Debug|Any CPU.ActiveCfg = Debug|Any CPU
		{B16A53A7-BCE4-46BC-B6F3-3DF7A0943D32}.Debug|Any CPU.Build.0 = Debug|Any CPU
		{B16A53A7-BCE4-46BC-B6F3-3DF7A0943D32}.Release|Any CPU.ActiveCfg = Release|Any CPU
		{B16A53A7-BCE4-46BC-B6F3-3DF7A0943D32}.Release|Any CPU.Build.0 = Release|Any CPU
		{9503F558-7D07-4D06-AA25-1157A2D072CA}.Debug|Any CPU.ActiveCfg = Debug|Any CPU
		{9503F558-7D07-4D06-AA25-1157A2D072CA}.Debug|Any CPU.Build.0 = Debug|Any CPU
		{9503F558-7D07-4D06-AA25-1157A2D072CA}.Release|Any CPU.ActiveCfg = Release|Any CPU
		{9503F558-7D07-4D06-AA25-1157A2D072CA}.Release|Any CPU.Build.0 = Release|Any CPU
		{1B963057-81BC-4260-B0C9-1E4B1D8969E3}.Debug|Any CPU.ActiveCfg = Debug|Any CPU
		{1B963057-81BC-4260-B0C9-1E4B1D8969E3}.Debug|Any CPU.Build.0 = Debug|Any CPU
		{1B963057-81BC-4260-B0C9-1E4B1D8969E3}.Release|Any CPU.ActiveCfg = Release|Any CPU
		{1B963057-81BC-4260-B0C9-1E4B1D8969E3}.Release|Any CPU.Build.0 = Release|Any CPU
		{331E01F2-07F0-4323-A46D-F2CB8A42C966}.Debug|Any CPU.ActiveCfg = Debug|Any CPU
		{331E01F2-07F0-4323-A46D-F2CB8A42C966}.Debug|Any CPU.Build.0 = Debug|Any CPU
		{331E01F2-07F0-4323-A46D-F2CB8A42C966}.Release|Any CPU.ActiveCfg = Release|Any CPU
		{331E01F2-07F0-4323-A46D-F2CB8A42C966}.Release|Any CPU.Build.0 = Release|Any CPU
		{2047A00A-7A8C-4128-AB99-CC07B7FE39D1}.Debug|Any CPU.ActiveCfg = Debug|Any CPU
		{2047A00A-7A8C-4128-AB99-CC07B7FE39D1}.Debug|Any CPU.Build.0 = Debug|Any CPU
		{2047A00A-7A8C-4128-AB99-CC07B7FE39D1}.Release|Any CPU.ActiveCfg = Release|Any CPU
		{2047A00A-7A8C-4128-AB99-CC07B7FE39D1}.Release|Any CPU.Build.0 = Release|Any CPU
		{FC9D30BD-93A6-47FC-BF97-C6E317488DD1}.Debug|Any CPU.ActiveCfg = Debug|Any CPU
		{FC9D30BD-93A6-47FC-BF97-C6E317488DD1}.Debug|Any CPU.Build.0 = Debug|Any CPU
		{FC9D30BD-93A6-47FC-BF97-C6E317488DD1}.Release|Any CPU.ActiveCfg = Release|Any CPU
		{FC9D30BD-93A6-47FC-BF97-C6E317488DD1}.Release|Any CPU.Build.0 = Release|Any CPU
		{829932B7-D8B6-4CFA-A546-301D617597F3}.Debug|Any CPU.ActiveCfg = Debug|Any CPU
		{829932B7-D8B6-4CFA-A546-301D617597F3}.Debug|Any CPU.Build.0 = Debug|Any CPU
		{829932B7-D8B6-4CFA-A546-301D617597F3}.Release|Any CPU.ActiveCfg = Release|Any CPU
		{829932B7-D8B6-4CFA-A546-301D617597F3}.Release|Any CPU.Build.0 = Release|Any CPU
		{B56ACED7-659E-4B76-8EDA-35393E8B6D59}.Debug|Any CPU.ActiveCfg = Debug|Any CPU
		{B56ACED7-659E-4B76-8EDA-35393E8B6D59}.Debug|Any CPU.Build.0 = Debug|Any CPU
		{B56ACED7-659E-4B76-8EDA-35393E8B6D59}.Release|Any CPU.ActiveCfg = Release|Any CPU
		{B56ACED7-659E-4B76-8EDA-35393E8B6D59}.Release|Any CPU.Build.0 = Release|Any CPU
		{0F549332-D751-495A-8D0E-E6D1218FAF63}.Debug|Any CPU.ActiveCfg = Debug|Any CPU
		{0F549332-D751-495A-8D0E-E6D1218FAF63}.Debug|Any CPU.Build.0 = Debug|Any CPU
		{0F549332-D751-495A-8D0E-E6D1218FAF63}.Release|Any CPU.ActiveCfg = Release|Any CPU
		{0F549332-D751-495A-8D0E-E6D1218FAF63}.Release|Any CPU.Build.0 = Release|Any CPU
		{733C679E-5502-4862-AB8B-3BBD33948291}.Debug|Any CPU.ActiveCfg = Debug|Any CPU
		{733C679E-5502-4862-AB8B-3BBD33948291}.Debug|Any CPU.Build.0 = Debug|Any CPU
		{733C679E-5502-4862-AB8B-3BBD33948291}.Release|Any CPU.ActiveCfg = Release|Any CPU
		{733C679E-5502-4862-AB8B-3BBD33948291}.Release|Any CPU.Build.0 = Release|Any CPU
		{17932596-ED75-44E4-8165-9224235E652B}.Debug|Any CPU.ActiveCfg = Debug|Any CPU
		{17932596-ED75-44E4-8165-9224235E652B}.Debug|Any CPU.Build.0 = Debug|Any CPU
		{17932596-ED75-44E4-8165-9224235E652B}.Release|Any CPU.ActiveCfg = Release|Any CPU
		{17932596-ED75-44E4-8165-9224235E652B}.Release|Any CPU.Build.0 = Release|Any CPU
		{DF9A2763-AB09-41D2-981D-7A6EB464D981}.Debug|Any CPU.ActiveCfg = Debug|Any CPU
		{DF9A2763-AB09-41D2-981D-7A6EB464D981}.Debug|Any CPU.Build.0 = Debug|Any CPU
		{DF9A2763-AB09-41D2-981D-7A6EB464D981}.Release|Any CPU.ActiveCfg = Release|Any CPU
		{DF9A2763-AB09-41D2-981D-7A6EB464D981}.Release|Any CPU.Build.0 = Release|Any CPU
		{E3B4B681-7CA5-4D3C-8A5B-B0A6F4C4FB77}.Debug|Any CPU.ActiveCfg = Debug|Any CPU
		{E3B4B681-7CA5-4D3C-8A5B-B0A6F4C4FB77}.Debug|Any CPU.Build.0 = Debug|Any CPU
		{E3B4B681-7CA5-4D3C-8A5B-B0A6F4C4FB77}.Release|Any CPU.ActiveCfg = Release|Any CPU
		{E3B4B681-7CA5-4D3C-8A5B-B0A6F4C4FB77}.Release|Any CPU.Build.0 = Release|Any CPU
		{2BF19D3B-7874-47A9-9A31-2DC980B3A0E6}.Debug|Any CPU.ActiveCfg = Debug|Any CPU
		{2BF19D3B-7874-47A9-9A31-2DC980B3A0E6}.Debug|Any CPU.Build.0 = Debug|Any CPU
		{2BF19D3B-7874-47A9-9A31-2DC980B3A0E6}.Release|Any CPU.ActiveCfg = Release|Any CPU
		{2BF19D3B-7874-47A9-9A31-2DC980B3A0E6}.Release|Any CPU.Build.0 = Release|Any CPU
		{60F38AC9-A5D7-4885-9E53-3705F6D0FEBA}.Debug|Any CPU.ActiveCfg = Debug|Any CPU
		{60F38AC9-A5D7-4885-9E53-3705F6D0FEBA}.Debug|Any CPU.Build.0 = Debug|Any CPU
		{60F38AC9-A5D7-4885-9E53-3705F6D0FEBA}.Release|Any CPU.ActiveCfg = Release|Any CPU
		{60F38AC9-A5D7-4885-9E53-3705F6D0FEBA}.Release|Any CPU.Build.0 = Release|Any CPU
	EndGlobalSection
	GlobalSection(SolutionProperties) = preSolution
		HideSolutionNode = FALSE
	EndGlobalSection
	GlobalSection(ExtensibilityGlobals) = postSolution
		SolutionGuid = {FE9CED80-82A4-475D-8A84-8D6D47F28275}
	EndGlobalSection
EndGlobal
